{
		"name": "nova",
		"version": "0.0.1",
		"lockfileVersion": 1,
		"requires": true,
		"dependencies": {
				"@discordjs/collection": {
						"version": "0.1.6",
						"resolved": "https://registry.npmjs.org/@discordjs/collection/-/collection-0.1.6.tgz",
						"integrity": "sha512-utRNxnd9kSS2qhyivo9lMlt5qgAUasH2gb7BEOn6p0efFh24gjGomHzWKMAPn2hEReOPQZCJaRKoURwRotKucQ=="
				},
				"@discordjs/form-data": {
						"version": "3.0.1",
						"resolved": "https://registry.npmjs.org/@discordjs/form-data/-/form-data-3.0.1.tgz",
						"integrity": "sha512-ZfFsbgEXW71Rw/6EtBdrP5VxBJy4dthyC0tpQKGKmYFImlmmrykO14Za+BiIVduwjte0jXEBlhSKf0MWbFp9Eg==",
						"requires": {
								"asynckit": "^0.4.0",
								"combined-stream": "^1.0.8",
								"mime-types": "^2.1.12"
						}
				},
				"@types/color-name": {
						"version": "1.1.1",
						"resolved": "https://registry.npmjs.org/@types/color-name/-/color-name-1.1.1.tgz",
						"integrity": "sha512-rr+OQyAjxze7GgWrSaJwydHStIhHq2lvY3BOC2Mj7KnzI7XK0Uw1TOOdI9lDoajEbSWLiYgoo4f1R51erQfhPQ=="
				},
				"@types/node": {
						"version": "14.11.2",
						"resolved": "https://registry.npmjs.org/@types/node/-/node-14.11.2.tgz",
						"integrity": "sha512-jiE3QIxJ8JLNcb1Ps6rDbysDhN4xa8DJJvuC9prr6w+1tIh+QAbYyNF3tyiZNLDBIuBCf4KEcV2UvQm/V60xfA==",
						"dev": true
				},
				"@types/ws": {
						"version": "7.2.6",
						"resolved": "https://registry.npmjs.org/@types/ws/-/ws-7.2.6.tgz",
						"integrity": "sha512-Q07IrQUSNpr+cXU4E4LtkSIBPie5GLZyyMC1QtQYRLWz701+XcoVygGUZgvLqElq1nU4ICldMYPnexlBsg3dqQ==",
						"dev": true,
						"requires": {
								"@types/node": "*"
						}
				},
				"abort-controller": {
						"version": "3.0.0",
						"resolved": "https://registry.npmjs.org/abort-controller/-/abort-controller-3.0.0.tgz",
						"integrity": "sha512-h8lQ8tacZYnR3vNQTgibj+tODHI5/+l06Au2Pcriv/Gmet0eaj4TwWH41sO9wnHDiQsEj19q0drzdWdeAHtweg==",
						"requires": {
								"event-target-shim": "^5.0.0"
						}
				},
				"ansi-regex": {
						"version": "5.0.0",
						"resolved": "https://registry.npmjs.org/ansi-regex/-/ansi-regex-5.0.0.tgz",
						"integrity": "sha512-bY6fj56OUQ0hU1KjFNDQuJFezqKdrAyFdIevADiqrWHwSlbmBNMHp5ak2f40Pm8JTFyM2mqxkG6ngkHO11f/lg==",
						"dev": true
				},
				"ansi-styles": {
						"version": "4.2.1",
						"resolved": "https://registry.npmjs.org/ansi-styles/-/ansi-styles-4.2.1.tgz",
						"integrity": "sha512-9VGjrMsG1vePxcSweQsN20KY/c4zN0h9fLjqAbwbPfahM3t+NL+M9HC8xeXG2I8pX5NoamTGNuomEUFI7fcUjA==",
						"requires": {
								"@types/color-name": "^1.1.1",
								"color-convert": "^2.0.1"
						}
				},
				"anymatch": {
						"version": "3.1.1",
						"resolved": "https://registry.npmjs.org/anymatch/-/anymatch-3.1.1.tgz",
						"integrity": "sha512-mM8522psRCqzV+6LhomX5wgp25YVibjh8Wj23I5RPkPppSVSjyKD2A2mBJmWGa+KN7f2D6LNh9jkBCeyLktzjg==",
						"requires": {
								"normalize-path": "^3.0.0",
								"picomatch": "^2.0.4"
						}
				},
				"arg": {
						"version": "4.1.3",
						"resolved": "https://registry.npmjs.org/arg/-/arg-4.1.3.tgz",
						"integrity": "sha512-58S9QDqG0Xx27YwPSt9fJxivjYl432YCwfDMfZ+71RAqUrZef7LrKQZ3LHLOwCS4FLNBplP533Zx895SeOCHvA==",
						"dev": true
				},
				"asynckit": {
						"version": "0.4.0",
						"resolved": "https://registry.npmjs.org/asynckit/-/asynckit-0.4.0.tgz",
						"integrity": "sha1-x57Zf380y48robyXkLzDZkdLS3k="
				},
				"binary-extensions": {
						"version": "2.1.0",
						"resolved": "https://registry.npmjs.org/binary-extensions/-/binary-extensions-2.1.0.tgz",
						"integrity": "sha512-1Yj8h9Q+QDF5FzhMs/c9+6UntbD5MkRfRwac8DoEm9ZfUBZ7tZ55YcGVAzEe4bXsdQHEk+s9S5wsOKVdZrw0tQ=="
				},
				"braces": {
						"version": "3.0.2",
						"resolved": "https://registry.npmjs.org/braces/-/braces-3.0.2.tgz",
						"integrity": "sha512-b8um+L1RzM3WDSzvhm6gIz1yfTbBt6YTlcEKAvsmqCZZFw46z626lVj9j1yEPW33H5H+lBQpZMP1k8l+78Ha0A==",
						"requires": {
								"fill-range": "^7.0.1"
						}
				},
				"buffer-from": {
						"version": "1.1.1",
						"resolved": "https://registry.npmjs.org/buffer-from/-/buffer-from-1.1.1.tgz",
						"integrity": "sha512-MQcXEUbCKtEo7bhqEs6560Hyd4XaovZlO/k9V3hjVUF/zwW7KBVdSK4gIt/bzwS9MbR5qob+F5jusZsb0YQK2A==",
						"dev": true
				},
				"chalk": {
						"version": "4.1.0",
						"resolved": "https://registry.npmjs.org/chalk/-/chalk-4.1.0.tgz",
						"integrity": "sha512-qwx12AxXe2Q5xQ43Ac//I6v5aXTipYrSESdOgzrN+9XjgEpyjpKuvSGaN4qE93f7TQTlerQQ8S+EQ0EyDoVL1A==",
						"requires": {
								"ansi-styles": "^4.1.0",
								"supports-color": "^7.1.0"
						}
				},
				"chokidar": {
						"version": "3.4.2",
						"resolved": "https://registry.npmjs.org/chokidar/-/chokidar-3.4.2.tgz",
						"integrity": "sha512-IZHaDeBeI+sZJRX7lGcXsdzgvZqKv6sECqsbErJA4mHWfpRrD8B97kSFN4cQz6nGBGiuFia1MKR4d6c1o8Cv7A==",
						"requires": {
								"anymatch": "~3.1.1",
								"braces": "~3.0.2",
								"fsevents": "~2.1.2",
								"glob-parent": "~5.1.0",
								"is-binary-path": "~2.1.0",
								"is-glob": "~4.0.1",
								"normalize-path": "~3.0.0",
								"readdirp": "~3.4.0"
						}
				},
				"color-convert": {
						"version": "2.0.1",
						"resolved": "https://registry.npmjs.org/color-convert/-/color-convert-2.0.1.tgz",
						"integrity": "sha512-RRECPsj7iu/xb5oKYcsFHSppFNnsj/52OVTRKb4zP5onXwVF3zVmmToNcOfGC+CRDpfK/U584fMg38ZHCaElKQ==",
						"requires": {
								"color-name": "~1.1.4"
						}
				},
				"color-name": {
						"version": "1.1.4",
						"resolved": "https://registry.npmjs.org/color-name/-/color-name-1.1.4.tgz",
						"integrity": "sha512-dOy+3AuW3a2wNbZHIuMZpTcgjGuLU/uBL/ubcZF9OXbDo8ff4O8yVp5Bf0efS8uEoYo5q4Fx7dY9OgQGXgAsQA=="
				},
				"combined-stream": {
						"version": "1.0.8",
						"resolved": "https://registry.npmjs.org/combined-stream/-/combined-stream-1.0.8.tgz",
						"integrity": "sha512-FQN4MRfuJeHf7cBbBMJFXhKSDq+2kAArBlmRBvcvFE5BB1HZKXtSFASDhdlz9zOYwxh8lDdnvmMOe/+5cdoEdg==",
						"requires": {
								"delayed-stream": "~1.0.0"
						}
				},
				"cross-spawn": {
						"version": "7.0.3",
						"resolved": "https://registry.npmjs.org/cross-spawn/-/cross-spawn-7.0.3.tgz",
						"integrity": "sha512-iRDPJKUPVEND7dHPO8rkbOnPpyDygcDFtWjpeWNCgy8WP2rXcxXL8TskReQl6OrB2G7+UJrags1q15Fudc7G6w==",
						"dev": true,
						"requires": {
								"path-key": "^3.1.0",
								"shebang-command": "^2.0.0",
								"which": "^2.0.1"
						}
				},
				"delayed-stream": {
						"version": "1.0.0",
						"resolved": "https://registry.npmjs.org/delayed-stream/-/delayed-stream-1.0.0.tgz",
						"integrity": "sha1-3zrhmayt+31ECqrgsp4icrJOxhk="
				},
				"diff": {
						"version": "4.0.2",
						"resolved": "https://registry.npmjs.org/diff/-/diff-4.0.2.tgz",
						"integrity": "sha512-58lmxKSA4BNyLz+HHMUzlOEpg09FV+ev6ZMe3vJihgdxzgcwZ8VoEEPmALCZG9LmqfVoNMMKpttIYTVG6uDY7A==",
						"dev": true
				},
				"dotenv": {
						"version": "8.2.0",
						"resolved": "https://registry.npmjs.org/dotenv/-/dotenv-8.2.0.tgz",
						"integrity": "sha512-8sJ78ElpbDJBHNeBzUbUVLsqKdccaa/BXF1uPTw3GrvQTBgrQrtObr2mUrE38vzYd8cEv+m/JBfDLioYcfXoaw=="
				},
				"duplexer": {
						"version": "0.1.2",
						"resolved": "https://registry.npmjs.org/duplexer/-/duplexer-0.1.2.tgz",
						"integrity": "sha512-jtD6YG370ZCIi/9GTaJKQxWTZD045+4R4hTk/x1UyoqadyJ9x9CgSi1RlVDQF8U2sxLLSnFkCaMihqljHIWgMg==",
						"dev": true
				},
				"ecstar": {
						"version": "3.3.0",
						"resolved": "https://registry.npmjs.org/ecstar/-/ecstar-3.3.0.tgz",
						"integrity": "sha512-LLp4D4eKlrIUkuXU5FGKBERtBhtSfPNHy4zwM2vWLbeQ4OmB2xvSk7yP4JbW/jm1Tdk1rjyXo9QB10p0sOnF2A==",
						"requires": {
								"chalk": "^4.0.0",
								"chokidar": "^3.3.1",
								"discord.js": "12.2.0",
								"figures": "^3.1.0",
								"split-string": "^6.1.0"
						},
						"dependencies": {
								"discord.js": {
										"version": "12.2.0",
										"resolved": "https://registry.npmjs.org/discord.js/-/discord.js-12.2.0.tgz",
										"integrity": "sha512-Ueb/0SOsxXyqwvwFYFe0msMrGqH1OMqpp2Dpbplnlr4MzcRrFWwsBM9gKNZXPVBHWUKiQkwU8AihXBXIvTTSvg==",
										"requires": {
												"@discordjs/collection": "^0.1.5",
												"@discordjs/form-data": "^3.0.1",
												"abort-controller": "^3.0.0",
												"node-fetch": "^2.6.0",
												"prism-media": "^1.2.0",
												"setimmediate": "^1.0.5",
												"tweetnacl": "^1.0.3",
												"ws": "^7.2.1"
										}
								}
						}
				},
				"escape-string-regexp": {
						"version": "1.0.5",
						"resolved": "https://registry.npmjs.org/escape-string-regexp/-/escape-string-regexp-1.0.5.tgz",
						"integrity": "sha1-G2HAViGQqN/2rjuyzwIAyhMLhtQ="
				},
				"event-stream": {
						"version": "3.3.4",
						"resolved": "https://registry.npmjs.org/event-stream/-/event-stream-3.3.4.tgz",
						"integrity": "sha1-SrTJoPWlTbkzi0w02Gv86PSzVXE=",
						"dev": true,
						"requires": {
								"duplexer": "~0.1.1",
								"from": "~0",
								"map-stream": "~0.1.0",
								"pause-stream": "0.0.11",
								"split": "0.3",
								"stream-combiner": "~0.0.4",
								"through": "~2.3.1"
						}
				},
				"event-target-shim": {
						"version": "5.0.1",
						"resolved": "https://registry.npmjs.org/event-target-shim/-/event-target-shim-5.0.1.tgz",
						"integrity": "sha512-i/2XbnSz/uxRCU6+NdVJgKWDTM427+MqYbkQzD321DuCQJUqOuJKIA0IM2+W2xtYHdKOmZ4dR6fExsd4SXL+WQ=="
				},
				"figures": {
						"version": "3.2.0",
						"resolved": "https://registry.npmjs.org/figures/-/figures-3.2.0.tgz",
						"integrity": "sha512-yaduQFRKLXYOGgEn6AZau90j3ggSOyiqXU0F9JZfeXYhNa+Jk4X+s45A2zg5jns87GAFa34BBm2kXw4XpNcbdg==",
						"requires": {
								"escape-string-regexp": "^1.0.5"
						}
				},
				"fill-range": {
						"version": "7.0.1",
						"resolved": "https://registry.npmjs.org/fill-range/-/fill-range-7.0.1.tgz",
						"integrity": "sha512-qOo9F+dMUmC2Lcb4BbVvnKJxTPjCm+RRpe4gDuGrzkL7mEVl/djYSu2OdQ2Pa302N4oqkSg9ir6jaLWJ2USVpQ==",
						"requires": {
								"to-regex-range": "^5.0.1"
						}
				},
				"from": {
						"version": "0.1.7",
						"resolved": "https://registry.npmjs.org/from/-/from-0.1.7.tgz",
						"integrity": "sha1-g8YK/Fi5xWmXAH7Rp2izqzA6RP4=",
						"dev": true
				},
				"fsevents": {
						"version": "2.1.3",
						"resolved": "https://registry.npmjs.org/fsevents/-/fsevents-2.1.3.tgz",
						"integrity": "sha512-Auw9a4AxqWpa9GUfj370BMPzzyncfBABW8Mab7BGWBYDj4Isgq+cDKtx0i6u9jcX9pQDnswsaaOTgTmA5pEjuQ==",
						"optional": true
				},
				"glob-parent": {
						"version": "5.1.1",
						"resolved": "https://registry.npmjs.org/glob-parent/-/glob-parent-5.1.1.tgz",
						"integrity": "sha512-FnI+VGOpnlGHWZxthPGR+QhR78fuiK0sNLkHQv+bL9fQi57lNNdquIbna/WrfROrolq8GK5Ek6BiMwqL/voRYQ==",
						"requires": {
								"is-glob": "^4.0.1"
						}
				},
				"has-flag": {
						"version": "4.0.0",
						"resolved": "https://registry.npmjs.org/has-flag/-/has-flag-4.0.0.tgz",
						"integrity": "sha512-EykJT/Q1KjTWctppgIAgfSO0tKVuZUjhgMr17kqTumMl6Afv3EISleU7qZUzoXDFTAHTDC4NOoG/ZxU3EvlMPQ=="
				},
				"is-binary-path": {
						"version": "2.1.0",
						"resolved": "https://registry.npmjs.org/is-binary-path/-/is-binary-path-2.1.0.tgz",
						"integrity": "sha512-ZMERYes6pDydyuGidse7OsHxtbI7WVeUEozgR/g7rd0xUimYNlvZRE/K2MgZTjWy725IfelLeVcEM97mmtRGXw==",
						"requires": {
								"binary-extensions": "^2.0.0"
						}
				},
				"is-extglob": {
						"version": "2.1.1",
						"resolved": "https://registry.npmjs.org/is-extglob/-/is-extglob-2.1.1.tgz",
						"integrity": "sha1-qIwCU1eR8C7TfHahueqXc8gz+MI="
				},
				"is-glob": {
						"version": "4.0.1",
						"resolved": "https://registry.npmjs.org/is-glob/-/is-glob-4.0.1.tgz",
						"integrity": "sha512-5G0tKtBTFImOqDnLB2hG6Bp2qcKEFduo4tZu9MT/H6NQv/ghhy30o55ufafxJ/LdH79LLs2Kfrn85TLKyA7BUg==",
						"requires": {
								"is-extglob": "^2.1.1"
						}
				},
				"is-number": {
						"version": "7.0.0",
						"resolved": "https://registry.npmjs.org/is-number/-/is-number-7.0.0.tgz",
						"integrity": "sha512-41Cifkg6e8TylSpdtTpeLVMqvSBEVzTttHvERD741+pnZ8ANv0004MRL43QKPDlK9cGvNp6NZWZUBlbGXYxxng=="
				},
				"isexe": {
						"version": "2.0.0",
						"resolved": "https://registry.npmjs.org/isexe/-/isexe-2.0.0.tgz",
						"integrity": "sha1-6PvzdNxVb/iUehDcsFctYz8s+hA=",
						"dev": true
				},
				"make-error": {
						"version": "1.3.6",
						"resolved": "https://registry.npmjs.org/make-error/-/make-error-1.3.6.tgz",
						"integrity": "sha512-s8UhlNe7vPKomQhC1qFelMokr/Sc3AgNbso3n74mVPA5LTZwkB9NlXf4XPamLxJE8h0gh73rM94xvwRT2CVInw==",
						"dev": true
				},
				"map-stream": {
						"version": "0.1.0",
						"resolved": "https://registry.npmjs.org/map-stream/-/map-stream-0.1.0.tgz",
						"integrity": "sha1-5WqpTEyAVaFkBKBnS3jyFffI4ZQ=",
						"dev": true
				},
				"mime-db": {
						"version": "1.44.0",
						"resolved": "https://registry.npmjs.org/mime-db/-/mime-db-1.44.0.tgz",
						"integrity": "sha512-/NOTfLrsPBVeH7YtFPgsVWveuL+4SjjYxaQ1xtM1KMFj7HdxlBlxeyNLzhyJVx7r4rZGJAZ/6lkKCitSc/Nmpg=="
				},
				"mime-types": {
						"version": "2.1.27",
						"resolved": "https://registry.npmjs.org/mime-types/-/mime-types-2.1.27.tgz",
						"integrity": "sha512-JIhqnCasI9yD+SsmkquHBxTSEuZdQX5BuQnS2Vc7puQQQ+8yiP5AY5uWhpdv4YL4VM5c6iliiYWPgJ/nJQLp7w==",
						"requires": {
								"mime-db": "1.44.0"
						}
				},
				"node-cleanup": {
						"version": "2.1.2",
						"resolved": "https://registry.npmjs.org/node-cleanup/-/node-cleanup-2.1.2.tgz",
						"integrity": "sha1-esGavSl+Caf3KnFUXZUbUX5N3iw=",
						"dev": true
				},
				"node-fetch": {
						"version": "2.6.1",
						"resolved": "https://registry.npmjs.org/node-fetch/-/node-fetch-2.6.1.tgz",
						"integrity": "sha512-V4aYg89jEoVRxRb2fJdAg8FHvI7cEyYdVAh94HH0UIK8oJxUfkjlDQN9RbMx+bEjP7+ggMiFRprSti032Oipxw=="
				},
				"normalize-path": {
						"version": "3.0.0",
						"resolved": "https://registry.npmjs.org/normalize-path/-/normalize-path-3.0.0.tgz",
						"integrity": "sha512-6eZs5Ls3WtCisHWp9S2GUy8dqkpGi4BVSz3GaqiE6ezub0512ESztXUwUB6C6IKbQkY2Pnb/mD4WYojCRwcwLA=="
				},
				"path-key": {
						"version": "3.1.1",
						"resolved": "https://registry.npmjs.org/path-key/-/path-key-3.1.1.tgz",
						"integrity": "sha512-ojmeN0qd+y0jszEtoY48r0Peq5dwMEkIlCOu6Q5f41lfkswXuKtYrhgoTpLnyIcHm24Uhqx+5Tqm2InSwLhE6Q==",
						"dev": true
				},
				"pause-stream": {
						"version": "0.0.11",
						"resolved": "https://registry.npmjs.org/pause-stream/-/pause-stream-0.0.11.tgz",
						"integrity": "sha1-/lo0sMvOErWqaitAPuLnO2AvFEU=",
						"dev": true,
						"requires": {
								"through": "~2.3"
						}
				},
				"picomatch": {
						"version": "2.2.2",
						"resolved": "https://registry.npmjs.org/picomatch/-/picomatch-2.2.2.tgz",
						"integrity": "sha512-q0M/9eZHzmr0AulXyPwNfZjtwZ/RBZlbN3K3CErVrk50T2ASYI7Bye0EvekFY3IP1Nt2DHu0re+V2ZHIpMkuWg=="
				},
				"prism-media": {
						"version": "1.2.2",
						"resolved": "https://registry.npmjs.org/prism-media/-/prism-media-1.2.2.tgz",
						"integrity": "sha512-I+nkWY212lJ500jLe4tN9tWO7nRiBAVdMv76P9kffZjYhw20raMlW1HSSvS+MLXC9MmbNZCazMrAr+5jEEgTuw=="
				},
				"ps-tree": {
						"version": "1.2.0",
						"resolved": "https://registry.npmjs.org/ps-tree/-/ps-tree-1.2.0.tgz",
						"integrity": "sha512-0VnamPPYHl4uaU/nSFeZZpR21QAWRz+sRv4iW9+v/GS/J5U5iZB5BNN6J0RMoOvdx2gWM2+ZFMIm58q24e4UYA==",
						"dev": true,
						"requires": {
								"event-stream": "=3.3.4"
						}
				},
				"readdirp": {
						"version": "3.4.0",
						"resolved": "https://registry.npmjs.org/readdirp/-/readdirp-3.4.0.tgz",
						"integrity": "sha512-0xe001vZBnJEK+uKcj8qOhyAKPzIT+gStxWr3LCB0DwcXR5NZJ3IaC+yGnHCYzB/S7ov3m3EEbZI2zeNvX+hGQ==",
						"requires": {
								"picomatch": "^2.2.1"
						}
				},
				"setimmediate": {
						"version": "1.0.5",
						"resolved": "https://registry.npmjs.org/setimmediate/-/setimmediate-1.0.5.tgz",
						"integrity": "sha1-KQy7Iy4waULX1+qbg3Mqt4VvgoU="
				},
				"shebang-command": {
						"version": "2.0.0",
						"resolved": "https://registry.npmjs.org/shebang-command/-/shebang-command-2.0.0.tgz",
						"integrity": "sha512-kHxr2zZpYtdmrN1qDjrrX/Z1rR1kG8Dx+gkpK1G4eXmvXswmcE1hTWBWYUzlraYw1/yZp6YuDY77YtvbN0dmDA==",
						"dev": true,
						"requires": {
								"shebang-regex": "^3.0.0"
						}
				},
				"shebang-regex": {
						"version": "3.0.0",
						"resolved": "https://registry.npmjs.org/shebang-regex/-/shebang-regex-3.0.0.tgz",
						"integrity": "sha512-7++dFhtcx3353uBaq8DDR4NuxBetBzC7ZQOhmTQInHEd6bSrXdiEyzCvG07Z44UYdLShWUyXt5M/yhz8ekcb1A==",
						"dev": true
				},
				"source-map": {
						"version": "0.6.1",
						"resolved": "https://registry.npmjs.org/source-map/-/source-map-0.6.1.tgz",
						"integrity": "sha512-UjgapumWlbMhkBgzT7Ykc5YXUT46F0iKu8SGXq0bcwP5dz/h0Plj6enJqjz1Zbq2l5WaqYnrVbwWOWMyF3F47g==",
						"dev": true
				},
				"source-map-support": {
						"version": "0.5.19",
						"resolved": "https://registry.npmjs.org/source-map-support/-/source-map-support-0.5.19.tgz",
						"integrity": "sha512-Wonm7zOCIJzBGQdB+thsPar0kYuCIzYvxZwlBa87yi/Mdjv7Tip2cyVbLj5o0cFPN4EVkuTwb3GDDyUx2DGnGw==",
						"dev": true,
						"requires": {
								"buffer-from": "^1.0.0",
								"source-map": "^0.6.0"
						}
				},
				"split": {
						"version": "0.3.3",
						"resolved": "https://registry.npmjs.org/split/-/split-0.3.3.tgz",
						"integrity": "sha1-zQ7qXmOiEd//frDwkcQTPi0N0o8=",
						"dev": true,
						"requires": {
								"through": "2"
						}
				},
				"split-string": {
						"version": "6.1.0",
						"resolved": "https://registry.npmjs.org/split-string/-/split-string-6.1.0.tgz",
						"integrity": "sha512-9UBdnmnvx2NLLd4bMs7CEKK+wSzbujVv3ONyorkP1o8M3pVJQtXDO1cN19xD1JJs6ltOrtPrkUND0HzLSinUcA=="
				},
				"stream-combiner": {
						"version": "0.0.4",
						"resolved": "https://registry.npmjs.org/stream-combiner/-/stream-combiner-0.0.4.tgz",
						"integrity": "sha1-TV5DPBhSYd3mI8o/RMWGvPXErRQ=",
						"dev": true,
						"requires": {
								"duplexer": "~0.1.1"
						}
				},
				"string-argv": {
						"version": "0.1.2",
						"resolved": "https://registry.npmjs.org/string-argv/-/string-argv-0.1.2.tgz",
						"integrity": "sha512-mBqPGEOMNJKXRo7z0keX0wlAhbBAjilUdPW13nN0PecVryZxdHIeM7TqbsSUA7VYuS00HGC6mojP7DlQzfa9ZA==",
						"dev": true
				},
				"strip-ansi": {
						"version": "6.0.0",
						"resolved": "https://registry.npmjs.org/strip-ansi/-/strip-ansi-6.0.0.tgz",
						"integrity": "sha512-AuvKTrTfQNYNIctbR1K/YGTR1756GycPsg7b9bdV9Duqur4gv6aKqHXah67Z8ImS7WEz5QVcOtlfW2rZEugt6w==",
						"dev": true,
						"requires": {
								"ansi-regex": "^5.0.0"
						}
				},
				"supports-color": {
						"version": "7.2.0",
						"resolved": "https://registry.npmjs.org/supports-color/-/supports-color-7.2.0.tgz",
						"integrity": "sha512-qpCAvRl9stuOHveKsn7HncJRvv501qIacKzQlO/+Lwxc9+0q2wLyv4Dfvt80/DPn2pqOBsJdDiogXGR9+OvwRw==",
						"requires": {
								"has-flag": "^4.0.0"
						}
				},
				"through": {
						"version": "2.3.8",
						"resolved": "https://registry.npmjs.org/through/-/through-2.3.8.tgz",
						"integrity": "sha1-DdTJ/6q8NXlgsbckEV1+Doai4fU=",
						"dev": true
				},
				"to-regex-range": {
						"version": "5.0.1",
						"resolved": "https://registry.npmjs.org/to-regex-range/-/to-regex-range-5.0.1.tgz",
						"integrity": "sha512-65P7iz6X5yEr1cwcgvQxbbIw7Uk3gOy5dIdtZ4rDveLqhrdJP+Li/Hx6tyK0NEb+2GCyneCMJiGqrADCSNk8sQ==",
						"requires": {
								"is-number": "^7.0.0"
						}
				},
				"ts-node": {
						"version": "9.0.0",
						"resolved": "https://registry.npmjs.org/ts-node/-/ts-node-9.0.0.tgz",
						"integrity": "sha512-/TqB4SnererCDR/vb4S/QvSZvzQMJN8daAslg7MeaiHvD8rDZsSfXmNeNumyZZzMned72Xoq/isQljYSt8Ynfg==",
						"dev": true,
						"requires": {
								"arg": "^4.1.0",
								"diff": "^4.0.1",
								"make-error": "^1.1.1",
								"source-map-support": "^0.5.17",
								"yn": "3.1.1"
						}
				},
				"tsc-watch": {
						"version": "4.2.9",
						"resolved": "https://registry.npmjs.org/tsc-watch/-/tsc-watch-4.2.9.tgz",
						"integrity": "sha512-DlTaoDs74+KUpyWr7dCGhuscAUKCz6CiFduBN7R9RbLJSSN1moWdwoCLASE7+zLgGvV5AwXfYDiEMAsPGaO+Vw==",
						"dev": true,
						"requires": {
								"cross-spawn": "^7.0.3",
								"node-cleanup": "^2.1.2",
								"ps-tree": "^1.2.0",
								"string-argv": "^0.1.1",
								"strip-ansi": "^6.0.0"
						}
				},
				"tweetnacl": {
						"version": "1.0.3",
						"resolved": "https://registry.npmjs.org/tweetnacl/-/tweetnacl-1.0.3.tgz",
						"integrity": "sha512-6rt+RN7aOi1nGMyC4Xa5DdYiukl2UWCbcJft7YhxReBGQD7OAM8Pbxw6YMo4r2diNEA8FEmu32YOn9rhaiE5yw=="
				},
				"typescript": {
						"version": "4.0.2",
						"resolved": "https://registry.npmjs.org/typescript/-/typescript-4.0.2.tgz",
						"integrity": "sha512-e4ERvRV2wb+rRZ/IQeb3jm2VxBsirQLpQhdxplZ2MEzGvDkkMmPglecnNDfSUBivMjP93vRbngYYDQqQ/78bcQ==",
						"dev": true
				},
				"which": {
						"version": "2.0.2",
						"resolved": "https://registry.npmjs.org/which/-/which-2.0.2.tgz",
						"integrity": "sha512-BLI3Tl1TW3Pvl70l3yq3Y64i+awpwXqsGBYWkkqMtnbXgrMD+yj7rhW0kuEDxzJaYXGjEW5ogapKNMEKNMjibA==",
						"dev": true,
						"requires": {
								"isexe": "^2.0.0"
						}
				},
				"ws": {
						"version": "7.3.1",
						"resolved": "https://registry.npmjs.org/ws/-/ws-7.3.1.tgz",
						"integrity": "sha512-D3RuNkynyHmEJIpD2qrgVkc9DQ23OrN/moAwZX4L8DfvszsJxpjQuUq3LMx6HoYji9fbIOBY18XWBsAux1ZZUA=="
				},
				"yn": {
						"version": "3.1.1",
						"resolved": "https://registry.npmjs.org/yn/-/yn-3.1.1.tgz",
						"integrity": "sha512-Ux4ygGWsu2c7isFWe8Yu1YluJmqVhxqK2cLXNQA5AcC3QfbGNpM7fu0Y8b/z16pXLnFxZYvWhd3fhBY9DLmC6Q==",
						"dev": true
				}
		}
}
